
Microsoft Visual Studio Solution File, Format Version 12.00
# Visual Studio Version 16
VisualStudioVersion = 16.0.28803.352
MinimumVisualStudioVersion = 10.0.40219.1
Project("{FAE04EC0-301F-11D3-BF4B-00C04F79EFBC}") = "inertia", "inertia\inertia.csproj", "{992DD806-CA3A-42D3-89E7-61FDFEA3F804}"
EndProject
Global
	GlobalSection(SolutionConfigurationPlatforms) = preSolution
		Debug|Any CPU = Debug|Any CPU
		Release|Any CPU = Release|Any CPU
	EndGlobalSection
	GlobalSection(ProjectConfigurationPlatforms) = postSolution
		{992DD806-CA3A-42D3-89E7-61FDFEA3F804}.Debug|Any CPU.ActiveCfg = Debug|Any CPU
		{992DD806-CA3A-42D3-89E7-61FDFEA3F804}.Debug|Any CPU.Build.0 = Debug|Any CPU
		{992DD806-CA3A-42D3-89E7-61FDFEA3F804}.Release|Any CPU.ActiveCfg = Release|Any CPU
		{992DD806-CA3A-42D3-89E7-61FDFEA3F804}.Release|Any CPU.Build.0 = Release|Any CPU
	EndGlobalSection
	GlobalSection(SolutionProperties) = preSolution
		HideSolutionNode = FALSE
	EndGlobalSection
	GlobalSection(ExtensibilityGlobals) = postSolution
		SolutionGuid = {4A269AD4-94A1-4682-9E9D-357900D86B5C}
	EndGlobalSection
EndGlobal
